// !$*UTF8*$!
{
	archiveVersion = 1;
	classes = {
	};
	objectVersion = 56;
	objects = {

/* Begin PBXBuildFile section */
		5D0DEAA529EF9E4C00FFF700 /* MemoViewController.swift in Sources */ = {isa = PBXBuildFile; fileRef = 5D0DEAA429EF9E4C00FFF700 /* MemoViewController.swift */; };
		5D0DEAA729EFA19400FFF700 /* NewMemoViewController.swift in Sources */ = {isa = PBXBuildFile; fileRef = 5D0DEAA629EFA19400FFF700 /* NewMemoViewController.swift */; };
		5D12B0962A08A8E7007CA12B /* WalkHistoryViewController.swift in Sources */ = {isa = PBXBuildFile; fileRef = 5D12B0952A08A8E7007CA12B /* WalkHistoryViewController.swift */; };
		5D1F3F5929F22AF2007FBD7E /* WeatherDataApi.swift in Sources */ = {isa = PBXBuildFile; fileRef = 5D1F3F5829F22AF2007FBD7E /* WeatherDataApi.swift */; };
		5D221E5C2A19A02B00B4AC33 /* MapDetailViewController.swift in Sources */ = {isa = PBXBuildFile; fileRef = 5D221E5B2A19A02B00B4AC33 /* MapDetailViewController.swift */; };
		5D37E4E02A260E90002C6060 /* LoginViewController.swift in Sources */ = {isa = PBXBuildFile; fileRef = 5D37E4DF2A260E90002C6060 /* LoginViewController.swift */; };
		5D37E4E22A26F8E2002C6060 /* SettingViewController.swift in Sources */ = {isa = PBXBuildFile; fileRef = 5D37E4E12A26F8E2002C6060 /* SettingViewController.swift */; };
		5D4B6FEA29F51E1A00BFC43B /* MainCollectionViewCell.swift in Sources */ = {isa = PBXBuildFile; fileRef = 5D4B6FE929F51E1A00BFC43B /* MainCollectionViewCell.swift */; };
		5D56118329EFB00100A6EA56 /* ProfileTableViewController.swift in Sources */ = {isa = PBXBuildFile; fileRef = 5D56118229EFB00100A6EA56 /* ProfileTableViewController.swift */; };
		5D56118529EFB02100A6EA56 /* ProfileEditTableViewController.swift in Sources */ = {isa = PBXBuildFile; fileRef = 5D56118429EFB02100A6EA56 /* ProfileEditTableViewController.swift */; };
		5D56118729EFB0E700A6EA56 /* ProfileTableViewCell.swift in Sources */ = {isa = PBXBuildFile; fileRef = 5D56118629EFB0E700A6EA56 /* ProfileTableViewCell.swift */; };
		5D56118C29EFBBBF00A6EA56 /* RoundedView.swift in Sources */ = {isa = PBXBuildFile; fileRef = 5D56118B29EFBBBF00A6EA56 /* RoundedView.swift */; };
		5D5A16FB29F7FF5F002E7C15 /* Phrase.swift in Sources */ = {isa = PBXBuildFile; fileRef = 5D5A16FA29F7FF5F002E7C15 /* Phrase.swift */; };
		5D5A16FD29F827BD002E7C15 /* MemoTableViewCell.swift in Sources */ = {isa = PBXBuildFile; fileRef = 5D5A16FC29F827BD002E7C15 /* MemoTableViewCell.swift */; };
		5D5CB80F2A0E93BA0098E38B /* PickProfileViewController.swift in Sources */ = {isa = PBXBuildFile; fileRef = 5D5CB80E2A0E93BA0098E38B /* PickProfileViewController.swift */; };
		5D687F6E2A08ED06003FCDA3 /* WalkHistoryTableViewCell.swift in Sources */ = {isa = PBXBuildFile; fileRef = 5D687F6D2A08ED06003FCDA3 /* WalkHistoryTableViewCell.swift */; };
		5D75A3C429F3BAAC001C25B3 /* PhotoCollectionViewController.swift in Sources */ = {isa = PBXBuildFile; fileRef = 5D75A3C329F3BAAC001C25B3 /* PhotoCollectionViewController.swift */; };
		5D75A3C829F3BC5C001C25B3 /* MyPhotoCollectionViewCell.swift in Sources */ = {isa = PBXBuildFile; fileRef = 5D75A3C729F3BC5C001C25B3 /* MyPhotoCollectionViewCell.swift */; };
		5D75A3CA29F3C27C001C25B3 /* DetailPhotoViewController.swift in Sources */ = {isa = PBXBuildFile; fileRef = 5D75A3C929F3C27C001C25B3 /* DetailPhotoViewController.swift */; };
		5DB2CE1E2A17069900A8D479 /* ProfilePickCollectionViewCell.swift in Sources */ = {isa = PBXBuildFile; fileRef = 5DB2CE1D2A17069900A8D479 /* ProfilePickCollectionViewCell.swift */; };
		5DC7F7D929EF836C005F9E22 /* AppDelegate.swift in Sources */ = {isa = PBXBuildFile; fileRef = 5DC7F7D829EF836C005F9E22 /* AppDelegate.swift */; };
		5DC7F7DB29EF836C005F9E22 /* SceneDelegate.swift in Sources */ = {isa = PBXBuildFile; fileRef = 5DC7F7DA29EF836C005F9E22 /* SceneDelegate.swift */; };
		5DC7F7DD29EF836C005F9E22 /* MainViewController.swift in Sources */ = {isa = PBXBuildFile; fileRef = 5DC7F7DC29EF836C005F9E22 /* MainViewController.swift */; };
		5DC7F7E029EF836C005F9E22 /* Main.storyboard in Resources */ = {isa = PBXBuildFile; fileRef = 5DC7F7DE29EF836C005F9E22 /* Main.storyboard */; };
		5DC7F7E329EF836C005F9E22 /* myDogGallery.xcdatamodeld in Sources */ = {isa = PBXBuildFile; fileRef = 5DC7F7E129EF836C005F9E22 /* myDogGallery.xcdatamodeld */; };
		5DC7F7E529EF836C005F9E22 /* Assets.xcassets in Resources */ = {isa = PBXBuildFile; fileRef = 5DC7F7E429EF836C005F9E22 /* Assets.xcassets */; };
		5DC7F7E829EF836C005F9E22 /* LaunchScreen.storyboard in Resources */ = {isa = PBXBuildFile; fileRef = 5DC7F7E629EF836C005F9E22 /* LaunchScreen.storyboard */; };
		5DC7F7F029EF89D0005F9E22 /* WeatherData.swift in Sources */ = {isa = PBXBuildFile; fileRef = 5DC7F7EF29EF89D0005F9E22 /* WeatherData.swift */; };
		5DC7F7F429EF9816005F9E22 /* CoreDataManager.swift in Sources */ = {isa = PBXBuildFile; fileRef = 5DC7F7F329EF9816005F9E22 /* CoreDataManager.swift */; };
		5DD4372329FFFF8300181A72 /* MapViewController.swift in Sources */ = {isa = PBXBuildFile; fileRef = 5DD4372229FFFF8300181A72 /* MapViewController.swift */; };
		5DF898572A28B44C00A03F5B /* GridViewController.swift in Sources */ = {isa = PBXBuildFile; fileRef = 5DF898562A28B44C00A03F5B /* GridViewController.swift */; };
		5DF898592A28B47D00A03F5B /* PhotoCollectionViewCell.swift in Sources */ = {isa = PBXBuildFile; fileRef = 5DF898582A28B47D00A03F5B /* PhotoCollectionViewCell.swift */; };
		5DF9B75D2A125EEF006B3F43 /* Moya in Frameworks */ = {isa = PBXBuildFile; productRef = 5DF9B75C2A125EEF006B3F43 /* Moya */; };
		5DF9B7602A125EF9006B3F43 /* SDWebImage in Frameworks */ = {isa = PBXBuildFile; productRef = 5DF9B75F2A125EF9006B3F43 /* SDWebImage */; };
		5DF9B7622A125EF9006B3F43 /* SDWebImageMapKit in Frameworks */ = {isa = PBXBuildFile; productRef = 5DF9B7612A125EF9006B3F43 /* SDWebImageMapKit */; };
		6369D389B67E617CEF039FB3 /* Pods_myDogGallery.framework in Frameworks */ = {isa = PBXBuildFile; fileRef = 63D1A34A21309D59724A41A1 /* Pods_myDogGallery.framework */; };
/* End PBXBuildFile section */

/* Begin PBXFileReference section */
		5D0DEAA429EF9E4C00FFF700 /* MemoViewController.swift */ = {isa = PBXFileReference; lastKnownFileType = sourcecode.swift; path = MemoViewController.swift; sourceTree = "<group>"; };
		5D0DEAA629EFA19400FFF700 /* NewMemoViewController.swift */ = {isa = PBXFileReference; lastKnownFileType = sourcecode.swift; path = NewMemoViewController.swift; sourceTree = "<group>"; };
		5D12B0952A08A8E7007CA12B /* WalkHistoryViewController.swift */ = {isa = PBXFileReference; lastKnownFileType = sourcecode.swift; path = WalkHistoryViewController.swift; sourceTree = "<group>"; };
		5D1BE46729FA11F0003371EF /* myDogGallery.entitlements */ = {isa = PBXFileReference; lastKnownFileType = text.plist.entitlements; path = myDogGallery.entitlements; sourceTree = "<group>"; };
		5D1F3F5829F22AF2007FBD7E /* WeatherDataApi.swift */ = {isa = PBXFileReference; lastKnownFileType = sourcecode.swift; path = WeatherDataApi.swift; sourceTree = "<group>"; };
		5D221E5B2A19A02B00B4AC33 /* MapDetailViewController.swift */ = {isa = PBXFileReference; lastKnownFileType = sourcecode.swift; path = MapDetailViewController.swift; sourceTree = "<group>"; };
		5D37E4DF2A260E90002C6060 /* LoginViewController.swift */ = {isa = PBXFileReference; lastKnownFileType = sourcecode.swift; path = LoginViewController.swift; sourceTree = "<group>"; };
		5D37E4E12A26F8E2002C6060 /* SettingViewController.swift */ = {isa = PBXFileReference; lastKnownFileType = sourcecode.swift; path = SettingViewController.swift; sourceTree = "<group>"; };
		5D4B6FE929F51E1A00BFC43B /* MainCollectionViewCell.swift */ = {isa = PBXFileReference; lastKnownFileType = sourcecode.swift; path = MainCollectionViewCell.swift; sourceTree = "<group>"; };
		5D56118229EFB00100A6EA56 /* ProfileTableViewController.swift */ = {isa = PBXFileReference; lastKnownFileType = sourcecode.swift; path = ProfileTableViewController.swift; sourceTree = "<group>"; };
		5D56118429EFB02100A6EA56 /* ProfileEditTableViewController.swift */ = {isa = PBXFileReference; lastKnownFileType = sourcecode.swift; path = ProfileEditTableViewController.swift; sourceTree = "<group>"; };
		5D56118629EFB0E700A6EA56 /* ProfileTableViewCell.swift */ = {isa = PBXFileReference; lastKnownFileType = sourcecode.swift; path = ProfileTableViewCell.swift; sourceTree = "<group>"; };
		5D56118B29EFBBBF00A6EA56 /* RoundedView.swift */ = {isa = PBXFileReference; lastKnownFileType = sourcecode.swift; path = RoundedView.swift; sourceTree = "<group>"; };
		5D5A16FA29F7FF5F002E7C15 /* Phrase.swift */ = {isa = PBXFileReference; lastKnownFileType = sourcecode.swift; path = Phrase.swift; sourceTree = "<group>"; };
		5D5A16FC29F827BD002E7C15 /* MemoTableViewCell.swift */ = {isa = PBXFileReference; lastKnownFileType = sourcecode.swift; path = MemoTableViewCell.swift; sourceTree = "<group>"; };
		5D5CB80E2A0E93BA0098E38B /* PickProfileViewController.swift */ = {isa = PBXFileReference; lastKnownFileType = sourcecode.swift; path = PickProfileViewController.swift; sourceTree = "<group>"; };
		5D687F6D2A08ED06003FCDA3 /* WalkHistoryTableViewCell.swift */ = {isa = PBXFileReference; lastKnownFileType = sourcecode.swift; path = WalkHistoryTableViewCell.swift; sourceTree = "<group>"; };
		5D75A3C329F3BAAC001C25B3 /* PhotoCollectionViewController.swift */ = {isa = PBXFileReference; lastKnownFileType = sourcecode.swift; path = PhotoCollectionViewController.swift; sourceTree = "<group>"; };
		5D75A3C729F3BC5C001C25B3 /* MyPhotoCollectionViewCell.swift */ = {isa = PBXFileReference; lastKnownFileType = sourcecode.swift; path = MyPhotoCollectionViewCell.swift; sourceTree = "<group>"; };
		5D75A3C929F3C27C001C25B3 /* DetailPhotoViewController.swift */ = {isa = PBXFileReference; lastKnownFileType = sourcecode.swift; path = DetailPhotoViewController.swift; sourceTree = "<group>"; };
		5DA8FC952A1D1448007D6A20 /* .swiftlint.yml */ = {isa = PBXFileReference; lastKnownFileType = text.yaml; path = .swiftlint.yml; sourceTree = "<group>"; };
		5DB2CE1D2A17069900A8D479 /* ProfilePickCollectionViewCell.swift */ = {isa = PBXFileReference; lastKnownFileType = sourcecode.swift; path = ProfilePickCollectionViewCell.swift; sourceTree = "<group>"; };
		5DC7F7D529EF836C005F9E22 /* myDogGallery.app */ = {isa = PBXFileReference; explicitFileType = wrapper.application; includeInIndex = 0; path = myDogGallery.app; sourceTree = BUILT_PRODUCTS_DIR; };
		5DC7F7D829EF836C005F9E22 /* AppDelegate.swift */ = {isa = PBXFileReference; lastKnownFileType = sourcecode.swift; path = AppDelegate.swift; sourceTree = "<group>"; };
		5DC7F7DA29EF836C005F9E22 /* SceneDelegate.swift */ = {isa = PBXFileReference; lastKnownFileType = sourcecode.swift; path = SceneDelegate.swift; sourceTree = "<group>"; };
		5DC7F7DC29EF836C005F9E22 /* MainViewController.swift */ = {isa = PBXFileReference; lastKnownFileType = sourcecode.swift; path = MainViewController.swift; sourceTree = "<group>"; };
		5DC7F7DF29EF836C005F9E22 /* Base */ = {isa = PBXFileReference; lastKnownFileType = file.storyboard; name = Base; path = Base.lproj/Main.storyboard; sourceTree = "<group>"; };
		5DC7F7E229EF836C005F9E22 /* myDogGallery.xcdatamodel */ = {isa = PBXFileReference; lastKnownFileType = wrapper.xcdatamodel; path = myDogGallery.xcdatamodel; sourceTree = "<group>"; };
		5DC7F7E429EF836C005F9E22 /* Assets.xcassets */ = {isa = PBXFileReference; lastKnownFileType = folder.assetcatalog; path = Assets.xcassets; sourceTree = "<group>"; };
		5DC7F7E729EF836C005F9E22 /* Base */ = {isa = PBXFileReference; lastKnownFileType = file.storyboard; name = Base; path = Base.lproj/LaunchScreen.storyboard; sourceTree = "<group>"; };
		5DC7F7E929EF836C005F9E22 /* Info.plist */ = {isa = PBXFileReference; lastKnownFileType = text.plist.xml; path = Info.plist; sourceTree = "<group>"; };
		5DC7F7EF29EF89D0005F9E22 /* WeatherData.swift */ = {isa = PBXFileReference; lastKnownFileType = sourcecode.swift; path = WeatherData.swift; sourceTree = "<group>"; };
		5DC7F7F329EF9816005F9E22 /* CoreDataManager.swift */ = {isa = PBXFileReference; lastKnownFileType = sourcecode.swift; path = CoreDataManager.swift; sourceTree = "<group>"; };
		5DD4372229FFFF8300181A72 /* MapViewController.swift */ = {isa = PBXFileReference; lastKnownFileType = sourcecode.swift; path = MapViewController.swift; sourceTree = "<group>"; };
		5DF898562A28B44C00A03F5B /* GridViewController.swift */ = {isa = PBXFileReference; lastKnownFileType = sourcecode.swift; path = GridViewController.swift; sourceTree = "<group>"; };
		5DF898582A28B47D00A03F5B /* PhotoCollectionViewCell.swift */ = {isa = PBXFileReference; lastKnownFileType = sourcecode.swift; path = PhotoCollectionViewCell.swift; sourceTree = "<group>"; };
		63D1A34A21309D59724A41A1 /* Pods_myDogGallery.framework */ = {isa = PBXFileReference; explicitFileType = wrapper.framework; includeInIndex = 0; path = Pods_myDogGallery.framework; sourceTree = BUILT_PRODUCTS_DIR; };
		841B0B890D573DDF11DA6210 /* Pods-myDogGallery.release.xcconfig */ = {isa = PBXFileReference; includeInIndex = 1; lastKnownFileType = text.xcconfig; name = "Pods-myDogGallery.release.xcconfig"; path = "Target Support Files/Pods-myDogGallery/Pods-myDogGallery.release.xcconfig"; sourceTree = "<group>"; };
		9A8822891B5E5637B7ADB365 /* Pods-myDogGallery.debug.xcconfig */ = {isa = PBXFileReference; includeInIndex = 1; lastKnownFileType = text.xcconfig; name = "Pods-myDogGallery.debug.xcconfig"; path = "Target Support Files/Pods-myDogGallery/Pods-myDogGallery.debug.xcconfig"; sourceTree = "<group>"; };
/* End PBXFileReference section */

/* Begin PBXFrameworksBuildPhase section */
		5DC7F7D229EF836C005F9E22 /* Frameworks */ = {
			isa = PBXFrameworksBuildPhase;
			buildActionMask = 2147483647;
			files = (
				5DF9B7602A125EF9006B3F43 /* SDWebImage in Frameworks */,
				5DF9B7622A125EF9006B3F43 /* SDWebImageMapKit in Frameworks */,
				5DF9B75D2A125EEF006B3F43 /* Moya in Frameworks */,
				6369D389B67E617CEF039FB3 /* Pods_myDogGallery.framework in Frameworks */,
			);
			runOnlyForDeploymentPostprocessing = 0;
		};
/* End PBXFrameworksBuildPhase section */

/* Begin PBXGroup section */
		4A5B30566F5997228DDA58F9 /* Pods */ = {
			isa = PBXGroup;
			children = (
				9A8822891B5E5637B7ADB365 /* Pods-myDogGallery.debug.xcconfig */,
				841B0B890D573DDF11DA6210 /* Pods-myDogGallery.release.xcconfig */,
			);
			path = Pods;
			sourceTree = "<group>";
		};
		5D56118829EFB1EC00A6EA56 /* Cell */ = {
			isa = PBXGroup;
			children = (
				5D4B6FE929F51E1A00BFC43B /* MainCollectionViewCell.swift */,
				5D5A16FC29F827BD002E7C15 /* MemoTableViewCell.swift */,
				5D56118629EFB0E700A6EA56 /* ProfileTableViewCell.swift */,
				5DB2CE1D2A17069900A8D479 /* ProfilePickCollectionViewCell.swift */,
				5DF898582A28B47D00A03F5B /* PhotoCollectionViewCell.swift */,
				5D687F6D2A08ED06003FCDA3 /* WalkHistoryTableViewCell.swift */,
			);
			path = Cell;
			sourceTree = "<group>";
		};
		5D56118D29EFBCE000A6EA56 /* CustomView */ = {
			isa = PBXGroup;
			children = (
				5D56118B29EFBBBF00A6EA56 /* RoundedView.swift */,
			);
			path = CustomView;
			sourceTree = "<group>";
		};
		5DC7F7CC29EF836C005F9E22 = {
			isa = PBXGroup;
			children = (
				5DC7F7D729EF836C005F9E22 /* myDogGallery */,
				5DC7F7D629EF836C005F9E22 /* Products */,
				4A5B30566F5997228DDA58F9 /* Pods */,
				C8984B4ABBF9F4F92940CDA3 /* Frameworks */,
			);
			sourceTree = "<group>";
		};
		5DC7F7D629EF836C005F9E22 /* Products */ = {
			isa = PBXGroup;
			children = (
				5DC7F7D529EF836C005F9E22 /* myDogGallery.app */,
			);
			name = Products;
			sourceTree = "<group>";
		};
		5DC7F7D729EF836C005F9E22 /* myDogGallery */ = {
			isa = PBXGroup;
			children = (
				5D1BE46729FA11F0003371EF /* myDogGallery.entitlements */,
				5DC7F7D829EF836C005F9E22 /* AppDelegate.swift */,
				5DC7F7DA29EF836C005F9E22 /* SceneDelegate.swift */,
				5DC7F7DE29EF836C005F9E22 /* Main.storyboard */,
				5DC7F7E429EF836C005F9E22 /* Assets.xcassets */,
				5DC7F7E629EF836C005F9E22 /* LaunchScreen.storyboard */,
				5DC7F7E929EF836C005F9E22 /* Info.plist */,
				5DC7F7E129EF836C005F9E22 /* myDogGallery.xcdatamodeld */,
				5DC7F7F229EF8A87005F9E22 /* View */,
				5DC7F7F129EF8A1A005F9E22 /* Data */,
				5D56118829EFB1EC00A6EA56 /* Cell */,
				5D56118D29EFBCE000A6EA56 /* CustomView */,
				5D75A3C329F3BAAC001C25B3 /* PhotoCollectionViewController.swift */,
				5D75A3C729F3BC5C001C25B3 /* MyPhotoCollectionViewCell.swift */,
				5D5A16FA29F7FF5F002E7C15 /* Phrase.swift */,
				5DA8FC952A1D1448007D6A20 /* .swiftlint.yml */,
			);
			path = myDogGallery;
			sourceTree = "<group>";
		};
		5DC7F7F129EF8A1A005F9E22 /* Data */ = {
			isa = PBXGroup;
			children = (
				5DC7F7F329EF9816005F9E22 /* CoreDataManager.swift */,
				5DC7F7EF29EF89D0005F9E22 /* WeatherData.swift */,
				5D1F3F5829F22AF2007FBD7E /* WeatherDataApi.swift */,
			);
			path = Data;
			sourceTree = "<group>";
		};
		5DC7F7F229EF8A87005F9E22 /* View */ = {
			isa = PBXGroup;
			children = (
				5D37E4DF2A260E90002C6060 /* LoginViewController.swift */,
				5DC7F7DC29EF836C005F9E22 /* MainViewController.swift */,
				5D0DEAA429EF9E4C00FFF700 /* MemoViewController.swift */,
				5D0DEAA629EFA19400FFF700 /* NewMemoViewController.swift */,
				5D56118229EFB00100A6EA56 /* ProfileTableViewController.swift */,
				5D37E4E12A26F8E2002C6060 /* SettingViewController.swift */,
				5D56118429EFB02100A6EA56 /* ProfileEditTableViewController.swift */,
				5D5CB80E2A0E93BA0098E38B /* PickProfileViewController.swift */,
				5DF898562A28B44C00A03F5B /* GridViewController.swift */,
				5D75A3C929F3C27C001C25B3 /* DetailPhotoViewController.swift */,
				5DD4372229FFFF8300181A72 /* MapViewController.swift */,
				5D12B0952A08A8E7007CA12B /* WalkHistoryViewController.swift */,
				5D221E5B2A19A02B00B4AC33 /* MapDetailViewController.swift */,
			);
			path = View;
			sourceTree = "<group>";
		};
		C8984B4ABBF9F4F92940CDA3 /* Frameworks */ = {
			isa = PBXGroup;
			children = (
				63D1A34A21309D59724A41A1 /* Pods_myDogGallery.framework */,
			);
			name = Frameworks;
			sourceTree = "<group>";
		};
/* End PBXGroup section */

/* Begin PBXNativeTarget section */
		5DC7F7D429EF836C005F9E22 /* myDogGallery */ = {
			isa = PBXNativeTarget;
			buildConfigurationList = 5DC7F7EC29EF836C005F9E22 /* Build configuration list for PBXNativeTarget "myDogGallery" */;
			buildPhases = (
				D3AA067A30ED66338FC46965 /* [CP] Check Pods Manifest.lock */,
				5DC7F7D129EF836C005F9E22 /* Sources */,
				5DC7F7D229EF836C005F9E22 /* Frameworks */,
				5DC7F7D329EF836C005F9E22 /* Resources */,
				5DA8FC942A1D12E5007D6A20 /* SwiftLint */,
				7DA31C7FC8AF26482C97B0DA /* [CP] Embed Pods Frameworks */,
			);
			buildRules = (
			);
			dependencies = (
			);
			name = myDogGallery;
			packageProductDependencies = (
				5DF9B75C2A125EEF006B3F43 /* Moya */,
				5DF9B75F2A125EF9006B3F43 /* SDWebImage */,
				5DF9B7612A125EF9006B3F43 /* SDWebImageMapKit */,
			);
			productName = myDogGallery;
			productReference = 5DC7F7D529EF836C005F9E22 /* myDogGallery.app */;
			productType = "com.apple.product-type.application";
		};
/* End PBXNativeTarget section */

/* Begin PBXProject section */
		5DC7F7CD29EF836C005F9E22 /* Project object */ = {
			isa = PBXProject;
			attributes = {
				BuildIndependentTargetsInParallel = 1;
				LastSwiftUpdateCheck = 1420;
				LastUpgradeCheck = 1420;
				TargetAttributes = {
					5DC7F7D429EF836C005F9E22 = {
						CreatedOnToolsVersion = 14.2;
					};
				};
			};
			buildConfigurationList = 5DC7F7D029EF836C005F9E22 /* Build configuration list for PBXProject "myDogGallery" */;
			compatibilityVersion = "Xcode 14.0";
			developmentRegion = en;
			hasScannedForEncodings = 0;
			knownRegions = (
				en,
				Base,
			);
			mainGroup = 5DC7F7CC29EF836C005F9E22;
			packageReferences = (
				5DF9B75B2A125EEF006B3F43 /* XCRemoteSwiftPackageReference "Moya" */,
				5DF9B75E2A125EF8006B3F43 /* XCRemoteSwiftPackageReference "SDWebImage" */,
			);
			productRefGroup = 5DC7F7D629EF836C005F9E22 /* Products */;
			projectDirPath = "";
			projectRoot = "";
			targets = (
				5DC7F7D429EF836C005F9E22 /* myDogGallery */,
			);
		};
/* End PBXProject section */

/* Begin PBXResourcesBuildPhase section */
		5DC7F7D329EF836C005F9E22 /* Resources */ = {
			isa = PBXResourcesBuildPhase;
			buildActionMask = 2147483647;
			files = (
				5DC7F7E829EF836C005F9E22 /* LaunchScreen.storyboard in Resources */,
				5DC7F7E529EF836C005F9E22 /* Assets.xcassets in Resources */,
				5DC7F7E029EF836C005F9E22 /* Main.storyboard in Resources */,
			);
			runOnlyForDeploymentPostprocessing = 0;
		};
/* End PBXResourcesBuildPhase section */

/* Begin PBXShellScriptBuildPhase section */
		5DA8FC942A1D12E5007D6A20 /* SwiftLint */ = {
			isa = PBXShellScriptBuildPhase;
			buildActionMask = 2147483647;
			files = (
			);
			inputFileListPaths = (
			);
			inputPaths = (
			);
			name = SwiftLint;
			outputFileListPaths = (
			);
			outputPaths = (
			);
			runOnlyForDeploymentPostprocessing = 0;
			shellPath = /bin/sh;
			shellScript = "if [[ \"$(uname -m)\" == arm64 ]]; then\n    export PATH=\"/opt/homebrew/bin:$PATH\"\nfi\n\nif which swiftlint > /dev/null; then\n  swiftlint\nelse\n  echo \"warning: SwiftLint not installed, download from https://github.com/realm/SwiftLint\"\nfi\n";
		};
		7DA31C7FC8AF26482C97B0DA /* [CP] Embed Pods Frameworks */ = {
			isa = PBXShellScriptBuildPhase;
			buildActionMask = 2147483647;
			files = (
			);
			inputFileListPaths = (
				"${PODS_ROOT}/Target Support Files/Pods-myDogGallery/Pods-myDogGallery-frameworks-${CONFIGURATION}-input-files.xcfilelist",
			);
			name = "[CP] Embed Pods Frameworks";
			outputFileListPaths = (
				"${PODS_ROOT}/Target Support Files/Pods-myDogGallery/Pods-myDogGallery-frameworks-${CONFIGURATION}-output-files.xcfilelist",
			);
			runOnlyForDeploymentPostprocessing = 0;
			shellPath = /bin/sh;
			shellScript = "\"${PODS_ROOT}/Target Support Files/Pods-myDogGallery/Pods-myDogGallery-frameworks.sh\"\n";
			showEnvVarsInLog = 0;
		};
		D3AA067A30ED66338FC46965 /* [CP] Check Pods Manifest.lock */ = {
			isa = PBXShellScriptBuildPhase;
			buildActionMask = 2147483647;
			files = (
			);
			inputFileListPaths = (
			);
			inputPaths = (
				"${PODS_PODFILE_DIR_PATH}/Podfile.lock",
				"${PODS_ROOT}/Manifest.lock",
			);
			name = "[CP] Check Pods Manifest.lock";
			outputFileListPaths = (
			);
			outputPaths = (
				"$(DERIVED_FILE_DIR)/Pods-myDogGallery-checkManifestLockResult.txt",
			);
			runOnlyForDeploymentPostprocessing = 0;
			shellPath = /bin/sh;
			shellScript = "diff \"${PODS_PODFILE_DIR_PATH}/Podfile.lock\" \"${PODS_ROOT}/Manifest.lock\" > /dev/null\nif [ $? != 0 ] ; then\n    # print error to STDERR\n    echo \"error: The sandbox is not in sync with the Podfile.lock. Run 'pod install' or update your CocoaPods installation.\" >&2\n    exit 1\nfi\n# This output is used by Xcode 'outputs' to avoid re-running this script phase.\necho \"SUCCESS\" > \"${SCRIPT_OUTPUT_FILE_0}\"\n";
			showEnvVarsInLog = 0;
		};
/* End PBXShellScriptBuildPhase section */

/* Begin PBXSourcesBuildPhase section */
		5DC7F7D129EF836C005F9E22 /* Sources */ = {
			isa = PBXSourcesBuildPhase;
			buildActionMask = 2147483647;
			files = (
				5D56118329EFB00100A6EA56 /* ProfileTableViewController.swift in Sources */,
				5DC7F7F429EF9816005F9E22 /* CoreDataManager.swift in Sources */,
				5D12B0962A08A8E7007CA12B /* WalkHistoryViewController.swift in Sources */,
				5DC7F7DD29EF836C005F9E22 /* MainViewController.swift in Sources */,
				5DD4372329FFFF8300181A72 /* MapViewController.swift in Sources */,
				5DB2CE1E2A17069900A8D479 /* ProfilePickCollectionViewCell.swift in Sources */,
				5D75A3C429F3BAAC001C25B3 /* PhotoCollectionViewController.swift in Sources */,
				5D1F3F5929F22AF2007FBD7E /* WeatherDataApi.swift in Sources */,
				5D687F6E2A08ED06003FCDA3 /* WalkHistoryTableViewCell.swift in Sources */,
				5D5A16FD29F827BD002E7C15 /* MemoTableViewCell.swift in Sources */,
				5D56118729EFB0E700A6EA56 /* ProfileTableViewCell.swift in Sources */,
				5D5CB80F2A0E93BA0098E38B /* PickProfileViewController.swift in Sources */,
				5D5A16FB29F7FF5F002E7C15 /* Phrase.swift in Sources */,
				5DC7F7F029EF89D0005F9E22 /* WeatherData.swift in Sources */,
				5D4B6FEA29F51E1A00BFC43B /* MainCollectionViewCell.swift in Sources */,
				5D221E5C2A19A02B00B4AC33 /* MapDetailViewController.swift in Sources */,
				5D75A3C829F3BC5C001C25B3 /* MyPhotoCollectionViewCell.swift in Sources */,
				5DC7F7E329EF836C005F9E22 /* myDogGallery.xcdatamodeld in Sources */,
				5DF898592A28B47D00A03F5B /* PhotoCollectionViewCell.swift in Sources */,
				5D0DEAA529EF9E4C00FFF700 /* MemoViewController.swift in Sources */,
				5D0DEAA729EFA19400FFF700 /* NewMemoViewController.swift in Sources */,
				5D56118C29EFBBBF00A6EA56 /* RoundedView.swift in Sources */,
				5DC7F7D929EF836C005F9E22 /* AppDelegate.swift in Sources */,
				5DC7F7DB29EF836C005F9E22 /* SceneDelegate.swift in Sources */,
				5D37E4E22A26F8E2002C6060 /* SettingViewController.swift in Sources */,
				5DF898572A28B44C00A03F5B /* GridViewController.swift in Sources */,
				5D75A3CA29F3C27C001C25B3 /* DetailPhotoViewController.swift in Sources */,
				5D37E4E02A260E90002C6060 /* LoginViewController.swift in Sources */,
				5D56118529EFB02100A6EA56 /* ProfileEditTableViewController.swift in Sources */,
			);
			runOnlyForDeploymentPostprocessing = 0;
		};
/* End PBXSourcesBuildPhase section */

/* Begin PBXVariantGroup section */
		5DC7F7DE29EF836C005F9E22 /* Main.storyboard */ = {
			isa = PBXVariantGroup;
			children = (
				5DC7F7DF29EF836C005F9E22 /* Base */,
			);
			name = Main.storyboard;
			sourceTree = "<group>";
		};
		5DC7F7E629EF836C005F9E22 /* LaunchScreen.storyboard */ = {
			isa = PBXVariantGroup;
			children = (
				5DC7F7E729EF836C005F9E22 /* Base */,
			);
			name = LaunchScreen.storyboard;
			sourceTree = "<group>";
		};
/* End PBXVariantGroup section */

/* Begin XCBuildConfiguration section */
		5DC7F7EA29EF836C005F9E22 /* Debug */ = {
			isa = XCBuildConfiguration;
			buildSettings = {
				ALWAYS_SEARCH_USER_PATHS = NO;
				CLANG_ANALYZER_NONNULL = YES;
				CLANG_ANALYZER_NUMBER_OBJECT_CONVERSION = YES_AGGRESSIVE;
				CLANG_CXX_LANGUAGE_STANDARD = "gnu++20";
				CLANG_ENABLE_MODULES = YES;
				CLANG_ENABLE_OBJC_ARC = YES;
				CLANG_ENABLE_OBJC_WEAK = YES;
				CLANG_WARN_BLOCK_CAPTURE_AUTORELEASING = YES;
				CLANG_WARN_BOOL_CONVERSION = YES;
				CLANG_WARN_COMMA = YES;
				CLANG_WARN_CONSTANT_CONVERSION = YES;
				CLANG_WARN_DEPRECATED_OBJC_IMPLEMENTATIONS = YES;
				CLANG_WARN_DIRECT_OBJC_ISA_USAGE = YES_ERROR;
				CLANG_WARN_DOCUMENTATION_COMMENTS = YES;
				CLANG_WARN_EMPTY_BODY = YES;
				CLANG_WARN_ENUM_CONVERSION = YES;
				CLANG_WARN_INFINITE_RECURSION = YES;
				CLANG_WARN_INT_CONVERSION = YES;
				CLANG_WARN_NON_LITERAL_NULL_CONVERSION = YES;
				CLANG_WARN_OBJC_IMPLICIT_RETAIN_SELF = YES;
				CLANG_WARN_OBJC_LITERAL_CONVERSION = YES;
				CLANG_WARN_OBJC_ROOT_CLASS = YES_ERROR;
				CLANG_WARN_QUOTED_INCLUDE_IN_FRAMEWORK_HEADER = YES;
				CLANG_WARN_RANGE_LOOP_ANALYSIS = YES;
				CLANG_WARN_STRICT_PROTOTYPES = YES;
				CLANG_WARN_SUSPICIOUS_MOVE = YES;
				CLANG_WARN_UNGUARDED_AVAILABILITY = YES_AGGRESSIVE;
				CLANG_WARN_UNREACHABLE_CODE = YES;
				CLANG_WARN__DUPLICATE_METHOD_MATCH = YES;
				COPY_PHASE_STRIP = NO;
				DEBUG_INFORMATION_FORMAT = dwarf;
				ENABLE_STRICT_OBJC_MSGSEND = YES;
				ENABLE_TESTABILITY = YES;
				GCC_C_LANGUAGE_STANDARD = gnu11;
				GCC_DYNAMIC_NO_PIC = NO;
				GCC_NO_COMMON_BLOCKS = YES;
				GCC_OPTIMIZATION_LEVEL = 0;
				GCC_PREPROCESSOR_DEFINITIONS = (
					"DEBUG=1",
					"$(inherited)",
				);
				GCC_WARN_64_TO_32_BIT_CONVERSION = YES;
				GCC_WARN_ABOUT_RETURN_TYPE = YES_ERROR;
				GCC_WARN_UNDECLARED_SELECTOR = YES;
				GCC_WARN_UNINITIALIZED_AUTOS = YES_AGGRESSIVE;
				GCC_WARN_UNUSED_FUNCTION = YES;
				GCC_WARN_UNUSED_VARIABLE = YES;
				IPHONEOS_DEPLOYMENT_TARGET = 16.2;
				MTL_ENABLE_DEBUG_INFO = INCLUDE_SOURCE;
				MTL_FAST_MATH = YES;
				ONLY_ACTIVE_ARCH = YES;
				SDKROOT = iphoneos;
				SWIFT_ACTIVE_COMPILATION_CONDITIONS = DEBUG;
				SWIFT_OPTIMIZATION_LEVEL = "-Onone";
			};
			name = Debug;
		};
		5DC7F7EB29EF836C005F9E22 /* Release */ = {
			isa = XCBuildConfiguration;
			buildSettings = {
				ALWAYS_SEARCH_USER_PATHS = NO;
				CLANG_ANALYZER_NONNULL = YES;
				CLANG_ANALYZER_NUMBER_OBJECT_CONVERSION = YES_AGGRESSIVE;
				CLANG_CXX_LANGUAGE_STANDARD = "gnu++20";
				CLANG_ENABLE_MODULES = YES;
				CLANG_ENABLE_OBJC_ARC = YES;
				CLANG_ENABLE_OBJC_WEAK = YES;
				CLANG_WARN_BLOCK_CAPTURE_AUTORELEASING = YES;
				CLANG_WARN_BOOL_CONVERSION = YES;
				CLANG_WARN_COMMA = YES;
				CLANG_WARN_CONSTANT_CONVERSION = YES;
				CLANG_WARN_DEPRECATED_OBJC_IMPLEMENTATIONS = YES;
				CLANG_WARN_DIRECT_OBJC_ISA_USAGE = YES_ERROR;
				CLANG_WARN_DOCUMENTATION_COMMENTS = YES;
				CLANG_WARN_EMPTY_BODY = YES;
				CLANG_WARN_ENUM_CONVERSION = YES;
				CLANG_WARN_INFINITE_RECURSION = YES;
				CLANG_WARN_INT_CONVERSION = YES;
				CLANG_WARN_NON_LITERAL_NULL_CONVERSION = YES;
				CLANG_WARN_OBJC_IMPLICIT_RETAIN_SELF = YES;
				CLANG_WARN_OBJC_LITERAL_CONVERSION = YES;
				CLANG_WARN_OBJC_ROOT_CLASS = YES_ERROR;
				CLANG_WARN_QUOTED_INCLUDE_IN_FRAMEWORK_HEADER = YES;
				CLANG_WARN_RANGE_LOOP_ANALYSIS = YES;
				CLANG_WARN_STRICT_PROTOTYPES = YES;
				CLANG_WARN_SUSPICIOUS_MOVE = YES;
				CLANG_WARN_UNGUARDED_AVAILABILITY = YES_AGGRESSIVE;
				CLANG_WARN_UNREACHABLE_CODE = YES;
				CLANG_WARN__DUPLICATE_METHOD_MATCH = YES;
				COPY_PHASE_STRIP = NO;
				DEBUG_INFORMATION_FORMAT = "dwarf-with-dsym";
				ENABLE_NS_ASSERTIONS = NO;
				ENABLE_STRICT_OBJC_MSGSEND = YES;
				GCC_C_LANGUAGE_STANDARD = gnu11;
				GCC_NO_COMMON_BLOCKS = YES;
				GCC_WARN_64_TO_32_BIT_CONVERSION = YES;
				GCC_WARN_ABOUT_RETURN_TYPE = YES_ERROR;
				GCC_WARN_UNDECLARED_SELECTOR = YES;
				GCC_WARN_UNINITIALIZED_AUTOS = YES_AGGRESSIVE;
				GCC_WARN_UNUSED_FUNCTION = YES;
				GCC_WARN_UNUSED_VARIABLE = YES;
				IPHONEOS_DEPLOYMENT_TARGET = 16.2;
				MTL_ENABLE_DEBUG_INFO = NO;
				MTL_FAST_MATH = YES;
				SDKROOT = iphoneos;
				SWIFT_COMPILATION_MODE = wholemodule;
				SWIFT_OPTIMIZATION_LEVEL = "-O";
				VALIDATE_PRODUCT = YES;
			};
			name = Release;
		};
		5DC7F7ED29EF836C005F9E22 /* Debug */ = {
			isa = XCBuildConfiguration;
			baseConfigurationReference = 9A8822891B5E5637B7ADB365 /* Pods-myDogGallery.debug.xcconfig */;
			buildSettings = {
				ASSETCATALOG_COMPILER_APPICON_NAME = AppIcon;
				ASSETCATALOG_COMPILER_GLOBAL_ACCENT_COLOR_NAME = AccentColor;
				CODE_SIGN_ENTITLEMENTS = myDogGallery/myDogGallery.entitlements;
				CODE_SIGN_STYLE = Automatic;
				CURRENT_PROJECT_VERSION = 1;
				DEVELOPMENT_TEAM = 2P89RZGR74;
				GENERATE_INFOPLIST_FILE = YES;
				INFOPLIST_FILE = myDogGallery/Info.plist;
				INFOPLIST_KEY_NSPhotoLibraryUsageDescription = "앨범에 대한 권한이 필요합니다.";
				INFOPLIST_KEY_UIApplicationSupportsIndirectInputEvents = YES;
				INFOPLIST_KEY_UILaunchStoryboardName = LaunchScreen;
				INFOPLIST_KEY_UIMainStoryboardFile = Main;
				INFOPLIST_KEY_UISupportedInterfaceOrientations_iPad = "UIInterfaceOrientationPortrait UIInterfaceOrientationPortraitUpsideDown UIInterfaceOrientationLandscapeLeft UIInterfaceOrientationLandscapeRight";
				INFOPLIST_KEY_UISupportedInterfaceOrientations_iPhone = "UIInterfaceOrientationPortrait UIInterfaceOrientationLandscapeLeft UIInterfaceOrientationLandscapeRight";
				IPHONEOS_DEPLOYMENT_TARGET = 16.1;
				LD_RUNPATH_SEARCH_PATHS = (
					"$(inherited)",
					"@executable_path/Frameworks",
				);
				MARKETING_VERSION = 1.0;
				PRODUCT_BUNDLE_IDENTIFIER = leehongryul.myDogGallery;
				PRODUCT_NAME = "$(TARGET_NAME)";
				SWIFT_EMIT_LOC_STRINGS = YES;
				SWIFT_VERSION = 5.0;
				TARGETED_DEVICE_FAMILY = "1,2";
			};
			name = Debug;
		};
		5DC7F7EE29EF836C005F9E22 /* Release */ = {
			isa = XCBuildConfiguration;
			baseConfigurationReference = 841B0B890D573DDF11DA6210 /* Pods-myDogGallery.release.xcconfig */;
			buildSettings = {
				ASSETCATALOG_COMPILER_APPICON_NAME = AppIcon;
				ASSETCATALOG_COMPILER_GLOBAL_ACCENT_COLOR_NAME = AccentColor;
				CODE_SIGN_ENTITLEMENTS = myDogGallery/myDogGallery.entitlements;
				CODE_SIGN_STYLE = Automatic;
				CURRENT_PROJECT_VERSION = 1;
				DEVELOPMENT_TEAM = 2P89RZGR74;
				GENERATE_INFOPLIST_FILE = YES;
				INFOPLIST_FILE = myDogGallery/Info.plist;
				INFOPLIST_KEY_NSPhotoLibraryUsageDescription = "앨범에 대한 권한이 필요합니다.";
				INFOPLIST_KEY_UIApplicationSupportsIndirectInputEvents = YES;
				INFOPLIST_KEY_UILaunchStoryboardName = LaunchScreen;
				INFOPLIST_KEY_UIMainStoryboardFile = Main;
				INFOPLIST_KEY_UISupportedInterfaceOrientations_iPad = "UIInterfaceOrientationPortrait UIInterfaceOrientationPortraitUpsideDown UIInterfaceOrientationLandscapeLeft UIInterfaceOrientationLandscapeRight";
				INFOPLIST_KEY_UISupportedInterfaceOrientations_iPhone = "UIInterfaceOrientationPortrait UIInterfaceOrientationLandscapeLeft UIInterfaceOrientationLandscapeRight";
				IPHONEOS_DEPLOYMENT_TARGET = 16.1;
				LD_RUNPATH_SEARCH_PATHS = (
					"$(inherited)",
					"@executable_path/Frameworks",
				);
				MARKETING_VERSION = 1.0;
				PRODUCT_BUNDLE_IDENTIFIER = leehongryul.myDogGallery;
				PRODUCT_NAME = "$(TARGET_NAME)";
				SWIFT_EMIT_LOC_STRINGS = YES;
				SWIFT_VERSION = 5.0;
				TARGETED_DEVICE_FAMILY = "1,2";
			};
			name = Release;
		};
/* End XCBuildConfiguration section */

/* Begin XCConfigurationList section */
		5DC7F7D029EF836C005F9E22 /* Build configuration list for PBXProject "myDogGallery" */ = {
			isa = XCConfigurationList;
			buildConfigurations = (
				5DC7F7EA29EF836C005F9E22 /* Debug */,
				5DC7F7EB29EF836C005F9E22 /* Release */,
			);
			defaultConfigurationIsVisible = 0;
			defaultConfigurationName = Release;
		};
		5DC7F7EC29EF836C005F9E22 /* Build configuration list for PBXNativeTarget "myDogGallery" */ = {
			isa = XCConfigurationList;
			buildConfigurations = (
				5DC7F7ED29EF836C005F9E22 /* Debug */,
				5DC7F7EE29EF836C005F9E22 /* Release */,
			);
			defaultConfigurationIsVisible = 0;
			defaultConfigurationName = Release;
		};
/* End XCConfigurationList section */

/* Begin XCRemoteSwiftPackageReference section */
		5DF9B75B2A125EEF006B3F43 /* XCRemoteSwiftPackageReference "Moya" */ = {
			isa = XCRemoteSwiftPackageReference;
			repositoryURL = "https://github.com/Moya/Moya.git";
			requirement = {
				branch = master;
				kind = branch;
			};
		};
		5DF9B75E2A125EF8006B3F43 /* XCRemoteSwiftPackageReference "SDWebImage" */ = {
			isa = XCRemoteSwiftPackageReference;
			repositoryURL = "https://github.com/SDWebImage/SDWebImage.git";
			requirement = {
				branch = master;
				kind = branch;
			};
		};
/* End XCRemoteSwiftPackageReference section */

/* Begin XCSwiftPackageProductDependency section */
		5DF9B75C2A125EEF006B3F43 /* Moya */ = {
			isa = XCSwiftPackageProductDependency;
			package = 5DF9B75B2A125EEF006B3F43 /* XCRemoteSwiftPackageReference "Moya" */;
			productName = Moya;
		};
		5DF9B75F2A125EF9006B3F43 /* SDWebImage */ = {
			isa = XCSwiftPackageProductDependency;
			package = 5DF9B75E2A125EF8006B3F43 /* XCRemoteSwiftPackageReference "SDWebImage" */;
			productName = SDWebImage;
		};
		5DF9B7612A125EF9006B3F43 /* SDWebImageMapKit */ = {
			isa = XCSwiftPackageProductDependency;
			package = 5DF9B75E2A125EF8006B3F43 /* XCRemoteSwiftPackageReference "SDWebImage" */;
			productName = SDWebImageMapKit;
		};
/* End XCSwiftPackageProductDependency section */

/* Begin XCVersionGroup section */
		5DC7F7E129EF836C005F9E22 /* myDogGallery.xcdatamodeld */ = {
			isa = XCVersionGroup;
			children = (
				5DC7F7E229EF836C005F9E22 /* myDogGallery.xcdatamodel */,
			);
			currentVersion = 5DC7F7E229EF836C005F9E22 /* myDogGallery.xcdatamodel */;
			path = myDogGallery.xcdatamodeld;
			sourceTree = "<group>";
			versionGroupType = wrapper.xcdatamodel;
		};
/* End XCVersionGroup section */
	};
	rootObject = 5DC7F7CD29EF836C005F9E22 /* Project object */;
}
